{
  "name": "9week",
  "requires": true,
  "lockfileVersion": 1,
  "dependencies": {
    "@types/node": {
      "version": "24.0.10",
      "resolved": "https://registry.npmjs.org/@types/node/-/node-24.0.10.tgz",
      "integrity": "sha512-ENHwaH+JIRTDIEEbDK6QSQntAYGtbvdDXnMXnZaZ6k13Du1dPMmprkEHIL7ok2Wl2aZevetwTAb5S+7yIF+enA==",
      "dev": true,
      "requires": {
        "undici-types": "~7.8.0"
      }
    },
    "bun-types": {
      "version": "1.2.17",
      "resolved": "https://registry.npmjs.org/bun-types/-/bun-types-1.2.17.tgz",
      "integrity": "sha512-ElC7ItwT3SCQwYZDYoAH+q6KT4Fxjl8DtZ6qDulUFBmXA8YB4xo+l54J9ZJN+k2pphfn9vk7kfubeSd5QfTVJQ==",
      "dev": true,
      "requires": {
        "@types/node": "*"
      }
    },
    "undici-types": {
      "version": "7.8.0",
      "resolved": "https://registry.npmjs.org/undici-types/-/undici-types-7.8.0.tgz",
      "integrity": "sha512-9UJ2xGDvQ43tYyVMpuHlsgApydB8ZKfVYTsLDhXkFL/6gfkp+U8xTGdh8pMJv1SpZna0zxG1DwsKZsreLbXBxw==",
      "dev": true
    }
  }
}
